
Microsoft Visual Studio Solution File, Format Version 12.00
# Visual Studio Version 17
VisualStudioVersion = 17.0.31903.59
MinimumVisualStudioVersion = 10.0.40219.1
Project("{2150E333-8FDC-42A3-9474-1A3956D46DE8}") = "Chet.WebApi.Template.Core", "Chet.WebApi.Template.Core", "{A96B9212-2402-432C-7D89-9322171CF141}"
EndProject
Project("{FAE04EC0-301F-11D3-BF4B-00C04F79EFBC}") = "Chet.WebApi.Template.Shared", "Chet.WebApi.Template.Core\Chet.WebApi.Template.Shared\Chet.WebApi.Template.Shared.csproj", "{7BA43F7E-BFAD-4E3E-9A15-A91E151B607B}"
EndProject
Project("{FAE04EC0-301F-11D3-BF4B-00C04F79EFBC}") = "Chet.WebApi.Template.Data", "Chet.WebApi.Template.Infrastructure\Chet.WebApi.Template.Data\Chet.WebApi.Template.Data.csproj", "{1691E747-EAC1-411B-8D44-C17D1E63F1B3}"
EndProject
Project("{FAE04EC0-301F-11D3-BF4B-00C04F79EFBC}") = "Chet.WebApi.Template.Logging", "Chet.WebApi.Template.Infrastructure\Chet.WebApi.Template.Logging\Chet.WebApi.Template.Logging.csproj", "{345164B8-7BA2-496B-BA36-C704A04DD6C6}"
EndProject
Project("{FAE04EC0-301F-11D3-BF4B-00C04F79EFBC}") = "Chet.WebApi.Template.Caching", "Chet.WebApi.Template.Infrastructure\Chet.WebApi.Template.Caching\Chet.WebApi.Template.Caching.csproj", "{591869B8-C00A-4559-8E5F-109082939CD0}"
EndProject
Project("{FAE04EC0-301F-11D3-BF4B-00C04F79EFBC}") = "Chet.WebApi.Template.Configuration", "Chet.WebApi.Template.Infrastructure\Chet.WebApi.Template.Configuration\Chet.WebApi.Template.Configuration.csproj", "{0E0370F9-B0D4-4B2D-8816-990B000BAAF6}"
EndProject
Project("{FAE04EC0-301F-11D3-BF4B-00C04F79EFBC}") = "Chet.WebApi.Template.Services", "Chet.WebApi.Template.Application\Chet.WebApi.Template.Services\Chet.WebApi.Template.Services.csproj", "{F5F6B90F-B574-4C20-A357-04D4FB828D6B}"
EndProject
Project("{FAE04EC0-301F-11D3-BF4B-00C04F79EFBC}") = "Chet.WebApi.Template.DTOs", "Chet.WebApi.Template.Application\Chet.WebApi.Template.DTOs\Chet.WebApi.Template.DTOs.csproj", "{D3D63746-499D-42E7-8720-4A9B6FD7369C}"
EndProject
Project("{FAE04EC0-301F-11D3-BF4B-00C04F79EFBC}") = "Chet.WebApi.Template.Mapping", "Chet.WebApi.Template.Application\Chet.WebApi.Template.Mapping\Chet.WebApi.Template.Mapping.csproj", "{1A9A37C9-81D3-491C-9AB4-A0AF67D46EE2}"
EndProject
Project("{FAE04EC0-301F-11D3-BF4B-00C04F79EFBC}") = "Chet.WebApi.Template.UnitTests", "Chet.WebApi.Template.Tests\Chet.WebApi.Template.UnitTests\Chet.WebApi.Template.UnitTests.csproj", "{2BC30283-8148-4502-83D5-B87544018577}"
EndProject
Project("{FAE04EC0-301F-11D3-BF4B-00C04F79EFBC}") = "Chet.WebApi.Template.IntegrationTests", "Chet.WebApi.Template.Tests\Chet.WebApi.Template.IntegrationTests\Chet.WebApi.Template.IntegrationTests.csproj", "{323F8169-C59B-4BDE-B980-19E7BCA93C0F}"
EndProject
Project("{2150E333-8FDC-42A3-9474-1A3956D46DE8}") = "Chet.WebApi.Template.Application", "Chet.WebApi.Template.Application", "{47FE0100-A418-4E57-B6E6-3C72E76CAFD1}"
EndProject
Project("{2150E333-8FDC-42A3-9474-1A3956D46DE8}") = "Chet.WebApi.Template.Infrastructure", "Chet.WebApi.Template.Infrastructure", "{9700D224-0D84-49FB-90BA-37007A3221BE}"
EndProject
Project("{2150E333-8FDC-42A3-9474-1A3956D46DE8}") = "Chet.WebApi.Template.Tests", "Chet.WebApi.Template.Tests", "{52A58B25-0C0E-4819-8408-499B1CEE2593}"
EndProject
Project("{FAE04EC0-301F-11D3-BF4B-00C04F79EFBC}") = "Chet.WebApi.Template.Api", "Chet.WebApi.Template.Api\Chet.WebApi.Template.Api.csproj", "{892FD27F-C614-A19D-9B47-15E2A491456F}"
EndProject
Project("{FAE04EC0-301F-11D3-BF4B-00C04F79EFBC}") = "Chet.WebApi.Template.Contracts", "Chet.WebApi.Template.Core\Chet.WebApi.Template.Contracts\Chet.WebApi.Template.Contracts.csproj", "{A3D85735-E135-EAB7-3C04-138DFE4C78E6}"
EndProject
Project("{FAE04EC0-301F-11D3-BF4B-00C04F79EFBC}") = "Chet.WebApi.Template.Domain", "Chet.WebApi.Template.Core\Chet.WebApi.Template.Domain\Chet.WebApi.Template.Domain.csproj", "{41A205A7-E92E-7FA2-EE2E-0ECC02409D9C}"
EndProject
Project("{2150E333-8FDC-42A3-9474-1A3956D46DE8}") = ".docs", ".docs", "{9FA3D6BD-1EC1-3BA5-80CB-CE02773A58D5}"
	ProjectSection(SolutionItems) = preProject
		ARCHITECTURE.md = ARCHITECTURE.md
		README.md = README.md
	EndProjectSection
EndProject
Global
	GlobalSection(SolutionConfigurationPlatforms) = preSolution
		Debug|Any CPU = Debug|Any CPU
		Debug|x64 = Debug|x64
		Debug|x86 = Debug|x86
		Release|Any CPU = Release|Any CPU
		Release|x64 = Release|x64
		Release|x86 = Release|x86
	EndGlobalSection
	GlobalSection(ProjectConfigurationPlatforms) = postSolution
		{7BA43F7E-BFAD-4E3E-9A15-A91E151B607B}.Debug|Any CPU.ActiveCfg = Debug|Any CPU
		{7BA43F7E-BFAD-4E3E-9A15-A91E151B607B}.Debug|Any CPU.Build.0 = Debug|Any CPU
		{7BA43F7E-BFAD-4E3E-9A15-A91E151B607B}.Debug|x64.ActiveCfg = Debug|Any CPU
		{7BA43F7E-BFAD-4E3E-9A15-A91E151B607B}.Debug|x64.Build.0 = Debug|Any CPU
		{7BA43F7E-BFAD-4E3E-9A15-A91E151B607B}.Debug|x86.ActiveCfg = Debug|Any CPU
		{7BA43F7E-BFAD-4E3E-9A15-A91E151B607B}.Debug|x86.Build.0 = Debug|Any CPU
		{7BA43F7E-BFAD-4E3E-9A15-A91E151B607B}.Release|Any CPU.ActiveCfg = Release|Any CPU
		{7BA43F7E-BFAD-4E3E-9A15-A91E151B607B}.Release|Any CPU.Build.0 = Release|Any CPU
		{7BA43F7E-BFAD-4E3E-9A15-A91E151B607B}.Release|x64.ActiveCfg = Release|Any CPU
		{7BA43F7E-BFAD-4E3E-9A15-A91E151B607B}.Release|x64.Build.0 = Release|Any CPU
		{7BA43F7E-BFAD-4E3E-9A15-A91E151B607B}.Release|x86.ActiveCfg = Release|Any CPU
		{7BA43F7E-BFAD-4E3E-9A15-A91E151B607B}.Release|x86.Build.0 = Release|Any CPU
		{1691E747-EAC1-411B-8D44-C17D1E63F1B3}.Debug|Any CPU.ActiveCfg = Debug|Any CPU
		{1691E747-EAC1-411B-8D44-C17D1E63F1B3}.Debug|Any CPU.Build.0 = Debug|Any CPU
		{1691E747-EAC1-411B-8D44-C17D1E63F1B3}.Debug|x64.ActiveCfg = Debug|Any CPU
		{1691E747-EAC1-411B-8D44-C17D1E63F1B3}.Debug|x64.Build.0 = Debug|Any CPU
		{1691E747-EAC1-411B-8D44-C17D1E63F1B3}.Debug|x86.ActiveCfg = Debug|Any CPU
		{1691E747-EAC1-411B-8D44-C17D1E63F1B3}.Debug|x86.Build.0 = Debug|Any CPU
		{1691E747-EAC1-411B-8D44-C17D1E63F1B3}.Release|Any CPU.ActiveCfg = Release|Any CPU
		{1691E747-EAC1-411B-8D44-C17D1E63F1B3}.Release|Any CPU.Build.0 = Release|Any CPU
		{1691E747-EAC1-411B-8D44-C17D1E63F1B3}.Release|x64.ActiveCfg = Release|Any CPU
		{1691E747-EAC1-411B-8D44-C17D1E63F1B3}.Release|x64.Build.0 = Release|Any CPU
		{1691E747-EAC1-411B-8D44-C17D1E63F1B3}.Release|x86.ActiveCfg = Release|Any CPU
		{1691E747-EAC1-411B-8D44-C17D1E63F1B3}.Release|x86.Build.0 = Release|Any CPU
		{345164B8-7BA2-496B-BA36-C704A04DD6C6}.Debug|Any CPU.ActiveCfg = Debug|Any CPU
		{345164B8-7BA2-496B-BA36-C704A04DD6C6}.Debug|Any CPU.Build.0 = Debug|Any CPU
		{345164B8-7BA2-496B-BA36-C704A04DD6C6}.Debug|x64.ActiveCfg = Debug|Any CPU
		{345164B8-7BA2-496B-BA36-C704A04DD6C6}.Debug|x64.Build.0 = Debug|Any CPU
		{345164B8-7BA2-496B-BA36-C704A04DD6C6}.Debug|x86.ActiveCfg = Debug|Any CPU
		{345164B8-7BA2-496B-BA36-C704A04DD6C6}.Debug|x86.Build.0 = Debug|Any CPU
		{345164B8-7BA2-496B-BA36-C704A04DD6C6}.Release|Any CPU.ActiveCfg = Release|Any CPU
		{345164B8-7BA2-496B-BA36-C704A04DD6C6}.Release|Any CPU.Build.0 = Release|Any CPU
		{345164B8-7BA2-496B-BA36-C704A04DD6C6}.Release|x64.ActiveCfg = Release|Any CPU
		{345164B8-7BA2-496B-BA36-C704A04DD6C6}.Release|x64.Build.0 = Release|Any CPU
		{345164B8-7BA2-496B-BA36-C704A04DD6C6}.Release|x86.ActiveCfg = Release|Any CPU
		{345164B8-7BA2-496B-BA36-C704A04DD6C6}.Release|x86.Build.0 = Release|Any CPU
		{591869B8-C00A-4559-8E5F-109082939CD0}.Debug|Any CPU.ActiveCfg = Debug|Any CPU
		{591869B8-C00A-4559-8E5F-109082939CD0}.Debug|Any CPU.Build.0 = Debug|Any CPU
		{591869B8-C00A-4559-8E5F-109082939CD0}.Debug|x64.ActiveCfg = Debug|Any CPU
		{591869B8-C00A-4559-8E5F-109082939CD0}.Debug|x64.Build.0 = Debug|Any CPU
		{591869B8-C00A-4559-8E5F-109082939CD0}.Debug|x86.ActiveCfg = Debug|Any CPU
		{591869B8-C00A-4559-8E5F-109082939CD0}.Debug|x86.Build.0 = Debug|Any CPU
		{591869B8-C00A-4559-8E5F-109082939CD0}.Release|Any CPU.ActiveCfg = Release|Any CPU
		{591869B8-C00A-4559-8E5F-109082939CD0}.Release|Any CPU.Build.0 = Release|Any CPU
		{591869B8-C00A-4559-8E5F-109082939CD0}.Release|x64.ActiveCfg = Release|Any CPU
		{591869B8-C00A-4559-8E5F-109082939CD0}.Release|x64.Build.0 = Release|Any CPU
		{591869B8-C00A-4559-8E5F-109082939CD0}.Release|x86.ActiveCfg = Release|Any CPU
		{591869B8-C00A-4559-8E5F-109082939CD0}.Release|x86.Build.0 = Release|Any CPU
		{0E0370F9-B0D4-4B2D-8816-990B000BAAF6}.Debug|Any CPU.ActiveCfg = Debug|Any CPU
		{0E0370F9-B0D4-4B2D-8816-990B000BAAF6}.Debug|Any CPU.Build.0 = Debug|Any CPU
		{0E0370F9-B0D4-4B2D-8816-990B000BAAF6}.Debug|x64.ActiveCfg = Debug|Any CPU
		{0E0370F9-B0D4-4B2D-8816-990B000BAAF6}.Debug|x64.Build.0 = Debug|Any CPU
		{0E0370F9-B0D4-4B2D-8816-990B000BAAF6}.Debug|x86.ActiveCfg = Debug|Any CPU
		{0E0370F9-B0D4-4B2D-8816-990B000BAAF6}.Debug|x86.Build.0 = Debug|Any CPU
		{0E0370F9-B0D4-4B2D-8816-990B000BAAF6}.Release|Any CPU.ActiveCfg = Release|Any CPU
		{0E0370F9-B0D4-4B2D-8816-990B000BAAF6}.Release|Any CPU.Build.0 = Release|Any CPU
		{0E0370F9-B0D4-4B2D-8816-990B000BAAF6}.Release|x64.ActiveCfg = Release|Any CPU
		{0E0370F9-B0D4-4B2D-8816-990B000BAAF6}.Release|x64.Build.0 = Release|Any CPU
		{0E0370F9-B0D4-4B2D-8816-990B000BAAF6}.Release|x86.ActiveCfg = Release|Any CPU
		{0E0370F9-B0D4-4B2D-8816-990B000BAAF6}.Release|x86.Build.0 = Release|Any CPU
		{F5F6B90F-B574-4C20-A357-04D4FB828D6B}.Debug|Any CPU.ActiveCfg = Debug|Any CPU
		{F5F6B90F-B574-4C20-A357-04D4FB828D6B}.Debug|Any CPU.Build.0 = Debug|Any CPU
		{F5F6B90F-B574-4C20-A357-04D4FB828D6B}.Debug|x64.ActiveCfg = Debug|Any CPU
		{F5F6B90F-B574-4C20-A357-04D4FB828D6B}.Debug|x64.Build.0 = Debug|Any CPU
		{F5F6B90F-B574-4C20-A357-04D4FB828D6B}.Debug|x86.ActiveCfg = Debug|Any CPU
		{F5F6B90F-B574-4C20-A357-04D4FB828D6B}.Debug|x86.Build.0 = Debug|Any CPU
		{F5F6B90F-B574-4C20-A357-04D4FB828D6B}.Release|Any CPU.ActiveCfg = Release|Any CPU
		{F5F6B90F-B574-4C20-A357-04D4FB828D6B}.Release|Any CPU.Build.0 = Release|Any CPU
		{F5F6B90F-B574-4C20-A357-04D4FB828D6B}.Release|x64.ActiveCfg = Release|Any CPU
		{F5F6B90F-B574-4C20-A357-04D4FB828D6B}.Release|x64.Build.0 = Release|Any CPU
		{F5F6B90F-B574-4C20-A357-04D4FB828D6B}.Release|x86.ActiveCfg = Release|Any CPU
		{F5F6B90F-B574-4C20-A357-04D4FB828D6B}.Release|x86.Build.0 = Release|Any CPU
		{D3D63746-499D-42E7-8720-4A9B6FD7369C}.Debug|Any CPU.ActiveCfg = Debug|Any CPU
		{D3D63746-499D-42E7-8720-4A9B6FD7369C}.Debug|Any CPU.Build.0 = Debug|Any CPU
		{D3D63746-499D-42E7-8720-4A9B6FD7369C}.Debug|x64.ActiveCfg = Debug|Any CPU
		{D3D63746-499D-42E7-8720-4A9B6FD7369C}.Debug|x64.Build.0 = Debug|Any CPU
		{D3D63746-499D-42E7-8720-4A9B6FD7369C}.Debug|x86.ActiveCfg = Debug|Any CPU
		{D3D63746-499D-42E7-8720-4A9B6FD7369C}.Debug|x86.Build.0 = Debug|Any CPU
		{D3D63746-499D-42E7-8720-4A9B6FD7369C}.Release|Any CPU.ActiveCfg = Release|Any CPU
		{D3D63746-499D-42E7-8720-4A9B6FD7369C}.Release|Any CPU.Build.0 = Release|Any CPU
		{D3D63746-499D-42E7-8720-4A9B6FD7369C}.Release|x64.ActiveCfg = Release|Any CPU
		{D3D63746-499D-42E7-8720-4A9B6FD7369C}.Release|x64.Build.0 = Release|Any CPU
		{D3D63746-499D-42E7-8720-4A9B6FD7369C}.Release|x86.ActiveCfg = Release|Any CPU
		{D3D63746-499D-42E7-8720-4A9B6FD7369C}.Release|x86.Build.0 = Release|Any CPU
		{1A9A37C9-81D3-491C-9AB4-A0AF67D46EE2}.Debug|Any CPU.ActiveCfg = Debug|Any CPU
		{1A9A37C9-81D3-491C-9AB4-A0AF67D46EE2}.Debug|Any CPU.Build.0 = Debug|Any CPU
		{1A9A37C9-81D3-491C-9AB4-A0AF67D46EE2}.Debug|x64.ActiveCfg = Debug|Any CPU
		{1A9A37C9-81D3-491C-9AB4-A0AF67D46EE2}.Debug|x64.Build.0 = Debug|Any CPU
		{1A9A37C9-81D3-491C-9AB4-A0AF67D46EE2}.Debug|x86.ActiveCfg = Debug|Any CPU
		{1A9A37C9-81D3-491C-9AB4-A0AF67D46EE2}.Debug|x86.Build.0 = Debug|Any CPU
		{1A9A37C9-81D3-491C-9AB4-A0AF67D46EE2}.Release|Any CPU.ActiveCfg = Release|Any CPU
		{1A9A37C9-81D3-491C-9AB4-A0AF67D46EE2}.Release|Any CPU.Build.0 = Release|Any CPU
		{1A9A37C9-81D3-491C-9AB4-A0AF67D46EE2}.Release|x64.ActiveCfg = Release|Any CPU
		{1A9A37C9-81D3-491C-9AB4-A0AF67D46EE2}.Release|x64.Build.0 = Release|Any CPU
		{1A9A37C9-81D3-491C-9AB4-A0AF67D46EE2}.Release|x86.ActiveCfg = Release|Any CPU
		{1A9A37C9-81D3-491C-9AB4-A0AF67D46EE2}.Release|x86.Build.0 = Release|Any CPU
		{2BC30283-8148-4502-83D5-B87544018577}.Debug|Any CPU.ActiveCfg = Debug|Any CPU
		{2BC30283-8148-4502-83D5-B87544018577}.Debug|Any CPU.Build.0 = Debug|Any CPU
		{2BC30283-8148-4502-83D5-B87544018577}.Debug|x64.ActiveCfg = Debug|Any CPU
		{2BC30283-8148-4502-83D5-B87544018577}.Debug|x64.Build.0 = Debug|Any CPU
		{2BC30283-8148-4502-83D5-B87544018577}.Debug|x86.ActiveCfg = Debug|Any CPU
		{2BC30283-8148-4502-83D5-B87544018577}.Debug|x86.Build.0 = Debug|Any CPU
		{2BC30283-8148-4502-83D5-B87544018577}.Release|Any CPU.ActiveCfg = Release|Any CPU
		{2BC30283-8148-4502-83D5-B87544018577}.Release|Any CPU.Build.0 = Release|Any CPU
		{2BC30283-8148-4502-83D5-B87544018577}.Release|x64.ActiveCfg = Release|Any CPU
		{2BC30283-8148-4502-83D5-B87544018577}.Release|x64.Build.0 = Release|Any CPU
		{2BC30283-8148-4502-83D5-B87544018577}.Release|x86.ActiveCfg = Release|Any CPU
		{2BC30283-8148-4502-83D5-B87544018577}.Release|x86.Build.0 = Release|Any CPU
		{323F8169-C59B-4BDE-B980-19E7BCA93C0F}.Debug|Any CPU.ActiveCfg = Debug|Any CPU
		{323F8169-C59B-4BDE-B980-19E7BCA93C0F}.Debug|Any CPU.Build.0 = Debug|Any CPU
		{323F8169-C59B-4BDE-B980-19E7BCA93C0F}.Debug|x64.ActiveCfg = Debug|Any CPU
		{323F8169-C59B-4BDE-B980-19E7BCA93C0F}.Debug|x64.Build.0 = Debug|Any CPU
		{323F8169-C59B-4BDE-B980-19E7BCA93C0F}.Debug|x86.ActiveCfg = Debug|Any CPU
		{323F8169-C59B-4BDE-B980-19E7BCA93C0F}.Debug|x86.Build.0 = Debug|Any CPU
		{323F8169-C59B-4BDE-B980-19E7BCA93C0F}.Release|Any CPU.ActiveCfg = Release|Any CPU
		{323F8169-C59B-4BDE-B980-19E7BCA93C0F}.Release|Any CPU.Build.0 = Release|Any CPU
		{323F8169-C59B-4BDE-B980-19E7BCA93C0F}.Release|x64.ActiveCfg = Release|Any CPU
		{323F8169-C59B-4BDE-B980-19E7BCA93C0F}.Release|x64.Build.0 = Release|Any CPU
		{323F8169-C59B-4BDE-B980-19E7BCA93C0F}.Release|x86.ActiveCfg = Release|Any CPU
		{323F8169-C59B-4BDE-B980-19E7BCA93C0F}.Release|x86.Build.0 = Release|Any CPU
		{892FD27F-C614-A19D-9B47-15E2A491456F}.Debug|Any CPU.ActiveCfg = Debug|Any CPU
		{892FD27F-C614-A19D-9B47-15E2A491456F}.Debug|Any CPU.Build.0 = Debug|Any CPU
		{892FD27F-C614-A19D-9B47-15E2A491456F}.Debug|x64.ActiveCfg = Debug|Any CPU
		{892FD27F-C614-A19D-9B47-15E2A491456F}.Debug|x64.Build.0 = Debug|Any CPU
		{892FD27F-C614-A19D-9B47-15E2A491456F}.Debug|x86.ActiveCfg = Debug|Any CPU
		{892FD27F-C614-A19D-9B47-15E2A491456F}.Debug|x86.Build.0 = Debug|Any CPU
		{892FD27F-C614-A19D-9B47-15E2A491456F}.Release|Any CPU.ActiveCfg = Release|Any CPU
		{892FD27F-C614-A19D-9B47-15E2A491456F}.Release|Any CPU.Build.0 = Release|Any CPU
		{892FD27F-C614-A19D-9B47-15E2A491456F}.Release|x64.ActiveCfg = Release|Any CPU
		{892FD27F-C614-A19D-9B47-15E2A491456F}.Release|x64.Build.0 = Release|Any CPU
		{892FD27F-C614-A19D-9B47-15E2A491456F}.Release|x86.ActiveCfg = Release|Any CPU
		{892FD27F-C614-A19D-9B47-15E2A491456F}.Release|x86.Build.0 = Release|Any CPU
		{A3D85735-E135-EAB7-3C04-138DFE4C78E6}.Debug|Any CPU.ActiveCfg = Debug|Any CPU
		{A3D85735-E135-EAB7-3C04-138DFE4C78E6}.Debug|Any CPU.Build.0 = Debug|Any CPU
		{A3D85735-E135-EAB7-3C04-138DFE4C78E6}.Debug|x64.ActiveCfg = Debug|Any CPU
		{A3D85735-E135-EAB7-3C04-138DFE4C78E6}.Debug|x64.Build.0 = Debug|Any CPU
		{A3D85735-E135-EAB7-3C04-138DFE4C78E6}.Debug|x86.ActiveCfg = Debug|Any CPU
		{A3D85735-E135-EAB7-3C04-138DFE4C78E6}.Debug|x86.Build.0 = Debug|Any CPU
		{A3D85735-E135-EAB7-3C04-138DFE4C78E6}.Release|Any CPU.ActiveCfg = Release|Any CPU
		{A3D85735-E135-EAB7-3C04-138DFE4C78E6}.Release|Any CPU.Build.0 = Release|Any CPU
		{A3D85735-E135-EAB7-3C04-138DFE4C78E6}.Release|x64.ActiveCfg = Release|Any CPU
		{A3D85735-E135-EAB7-3C04-138DFE4C78E6}.Release|x64.Build.0 = Release|Any CPU
		{A3D85735-E135-EAB7-3C04-138DFE4C78E6}.Release|x86.ActiveCfg = Release|Any CPU
		{A3D85735-E135-EAB7-3C04-138DFE4C78E6}.Release|x86.Build.0 = Release|Any CPU
		{41A205A7-E92E-7FA2-EE2E-0ECC02409D9C}.Debug|Any CPU.ActiveCfg = Debug|Any CPU
		{41A205A7-E92E-7FA2-EE2E-0ECC02409D9C}.Debug|Any CPU.Build.0 = Debug|Any CPU
		{41A205A7-E92E-7FA2-EE2E-0ECC02409D9C}.Debug|x64.ActiveCfg = Debug|Any CPU
		{41A205A7-E92E-7FA2-EE2E-0ECC02409D9C}.Debug|x64.Build.0 = Debug|Any CPU
		{41A205A7-E92E-7FA2-EE2E-0ECC02409D9C}.Debug|x86.ActiveCfg = Debug|Any CPU
		{41A205A7-E92E-7FA2-EE2E-0ECC02409D9C}.Debug|x86.Build.0 = Debug|Any CPU
		{41A205A7-E92E-7FA2-EE2E-0ECC02409D9C}.Release|Any CPU.ActiveCfg = Release|Any CPU
		{41A205A7-E92E-7FA2-EE2E-0ECC02409D9C}.Release|Any CPU.Build.0 = Release|Any CPU
		{41A205A7-E92E-7FA2-EE2E-0ECC02409D9C}.Release|x64.ActiveCfg = Release|Any CPU
		{41A205A7-E92E-7FA2-EE2E-0ECC02409D9C}.Release|x64.Build.0 = Release|Any CPU
		{41A205A7-E92E-7FA2-EE2E-0ECC02409D9C}.Release|x86.ActiveCfg = Release|Any CPU
		{41A205A7-E92E-7FA2-EE2E-0ECC02409D9C}.Release|x86.Build.0 = Release|Any CPU
	EndGlobalSection
	GlobalSection(SolutionProperties) = preSolution
		HideSolutionNode = FALSE
	EndGlobalSection
	GlobalSection(NestedProjects) = preSolution
		{7BA43F7E-BFAD-4E3E-9A15-A91E151B607B} = {A96B9212-2402-432C-7D89-9322171CF141}
		{1691E747-EAC1-411B-8D44-C17D1E63F1B3} = {9700D224-0D84-49FB-90BA-37007A3221BE}
		{345164B8-7BA2-496B-BA36-C704A04DD6C6} = {9700D224-0D84-49FB-90BA-37007A3221BE}
		{591869B8-C00A-4559-8E5F-109082939CD0} = {9700D224-0D84-49FB-90BA-37007A3221BE}
		{0E0370F9-B0D4-4B2D-8816-990B000BAAF6} = {9700D224-0D84-49FB-90BA-37007A3221BE}
		{F5F6B90F-B574-4C20-A357-04D4FB828D6B} = {47FE0100-A418-4E57-B6E6-3C72E76CAFD1}
		{D3D63746-499D-42E7-8720-4A9B6FD7369C} = {47FE0100-A418-4E57-B6E6-3C72E76CAFD1}
		{1A9A37C9-81D3-491C-9AB4-A0AF67D46EE2} = {47FE0100-A418-4E57-B6E6-3C72E76CAFD1}
		{2BC30283-8148-4502-83D5-B87544018577} = {52A58B25-0C0E-4819-8408-499B1CEE2593}
		{323F8169-C59B-4BDE-B980-19E7BCA93C0F} = {52A58B25-0C0E-4819-8408-499B1CEE2593}
		{A3D85735-E135-EAB7-3C04-138DFE4C78E6} = {A96B9212-2402-432C-7D89-9322171CF141}
		{41A205A7-E92E-7FA2-EE2E-0ECC02409D9C} = {A96B9212-2402-432C-7D89-9322171CF141}
	EndGlobalSection
	GlobalSection(ExtensibilityGlobals) = postSolution
		SolutionGuid = {672B90C4-D4F4-4631-AB79-E6218A373392}
	EndGlobalSection
EndGlobal
